
Microsoft Visual Studio Solution File, Format Version 12.00
# Visual Studio Version 16
VisualStudioVersion = 25.0.1706.0
MinimumVisualStudioVersion = 10.0.40219.1
Project("{FAE04EC0-301F-11D3-BF4B-00C04F79EFBC}") = "Jodas.API", "Jodas.API.csproj", "{6AC1C406-5A59-43D2-A9DF-5F9E25DD0FE2}"
EndProject
Global
	GlobalSection(SolutionConfigurationPlatforms) = preSolution
		Debug|Any CPU = Debug|Any CPU
		Release|Any CPU = Release|Any CPU
	EndGlobalSection
	GlobalSection(ProjectConfigurationPlatforms) = postSolution
		{6AC1C406-5A59-43D2-A9DF-5F9E25DD0FE2}.Debug|Any CPU.ActiveCfg = Debug|Any CPU
		{6AC1C406-5A59-43D2-A9DF-5F9E25DD0FE2}.Debug|Any CPU.Build.0 = Debug|Any CPU
		{6AC1C406-5A59-43D2-A9DF-5F9E25DD0FE2}.Release|Any CPU.ActiveCfg = Release|Any CPU
		{6AC1C406-5A59-43D2-A9DF-5F9E25DD0FE2}.Release|Any CPU.Build.0 = Release|Any CPU
	EndGlobalSection
	GlobalSection(SolutionProperties) = preSolution
		HideSolutionNode = FALSE
	EndGlobalSection
	GlobalSection(ExtensibilityGlobals) = postSolution
		SolutionGuid = {B1C23997-50B0-4113-80CA-715A81A5AEFC}
	EndGlobalSection
EndGlobal
